dependencies:
  espressif/esp-nn:
    component_hash: b32869798bdb40dec6bc99caca48cd65d42f8a9f506b9ab9c598a076f891ede9
    source:
      pre_release: true
      service_url: https://api.components.espressif.com/
      type: service
    version: 1.0.2
  espressif/esp-tflite-micro:
    component_hash: null
    source:
      path: C:\SOP\esp-tflite-micro
      type: local
    version: '*'
  espressif__esp32-camera:
    component_hash: null
    source:
      path: C:\SOP\esp-tflite-micro\examples\person_detection\components\espressif__esp32-camera
      type: local
    version: 2.0.7
  idf:
    component_hash: null
    source:
      type: idf
    version: 5.1.2
manifest_hash: 5fedb9d292dde394f031d00c01bbd008e9343ddb3c47b0932a47f14ed2269790
target: esp32s3
version: 1.0.0
